// !$*UTF8*$!
{
	archiveVersion = 1;
	classes = {
	};
	objectVersion = 48;
	objects = {

/* Begin PBXBuildFile section */
		304259E31FEF707100D260A4 /* AppDelegate.m in Sources */ = {isa = PBXBuildFile; fileRef = 304259E21FEF707100D260A4 /* AppDelegate.m */; };
		304259EA1FEF707100D260A4 /* GameScene.m in Sources */ = {isa = PBXBuildFile; fileRef = 304259E91FEF707100D260A4 /* GameScene.m */; };
		304259ED1FEF707100D260A4 /* GameViewController.m in Sources */ = {isa = PBXBuildFile; fileRef = 304259EC1FEF707100D260A4 /* GameViewController.m */; };
		304259F01FEF707100D260A4 /* Main.storyboard in Resources */ = {isa = PBXBuildFile; fileRef = 304259EE1FEF707100D260A4 /* Main.storyboard */; };
		304259F51FEF707100D260A4 /* LaunchScreen.storyboard in Resources */ = {isa = PBXBuildFile; fileRef = 304259F31FEF707100D260A4 /* LaunchScreen.storyboard */; };
		304259F81FEF707100D260A4 /* main.m in Sources */ = {isa = PBXBuildFile; fileRef = 304259F71FEF707100D260A4 /* main.m */; };
		307DE7E62009FD1E00DF585B /* player.atlas in Resources */ = {isa = PBXBuildFile; fileRef = 307DE7E52009FD1E00DF585B /* player.atlas */; };
		307DE7F4200B550300DF585B /* Assets.xcassets in Resources */ = {isa = PBXBuildFile; fileRef = 307DE7F3200B550300DF585B /* Assets.xcassets */; };
/* End PBXBuildFile section */

/* Begin PBXFileReference section */
		304259DE1FEF707100D260A4 /* SKGame.app */ = {isa = PBXFileReference; explicitFileType = wrapper.application; includeInIndex = 0; path = SKGame.app; sourceTree = BUILT_PRODUCTS_DIR; };
		304259E11FEF707100D260A4 /* AppDelegate.h */ = {isa = PBXFileReference; lastKnownFileType = sourcecode.c.h; path = AppDelegate.h; sourceTree = "<group>"; };
		304259E21FEF707100D260A4 /* AppDelegate.m */ = {isa = PBXFileReference; lastKnownFileType = sourcecode.c.objc; path = AppDelegate.m; sourceTree = "<group>"; };
		304259E81FEF707100D260A4 /* GameScene.h */ = {isa = PBXFileReference; lastKnownFileType = sourcecode.c.h; path = GameScene.h; sourceTree = "<group>"; };
		304259E91FEF707100D260A4 /* GameScene.m */ = {isa = PBXFileReference; lastKnownFileType = sourcecode.c.objc; path = GameScene.m; sourceTree = "<group>"; };
		304259EB1FEF707100D260A4 /* GameViewController.h */ = {isa = PBXFileReference; lastKnownFileType = sourcecode.c.h; path = GameViewController.h; sourceTree = "<group>"; };
		304259EC1FEF707100D260A4 /* GameViewController.m */ = {isa = PBXFileReference; lastKnownFileType = sourcecode.c.objc; path = GameViewController.m; sourceTree = "<group>"; };
		304259EF1FEF707100D260A4 /* Base */ = {isa = PBXFileReference; lastKnownFileType = file.storyboard; name = Base; path = Base.lproj/Main.storyboard; sourceTree = "<group>"; };
		304259F41FEF707100D260A4 /* Base */ = {isa = PBXFileReference; lastKnownFileType = file.storyboard; name = Base; path = Base.lproj/LaunchScreen.storyboard; sourceTree = "<group>"; };
		304259F61FEF707100D260A4 /* Info.plist */ = {isa = PBXFileReference; lastKnownFileType = text.plist.xml; path = Info.plist; sourceTree = "<group>"; };
		304259F71FEF707100D260A4 /* main.m */ = {isa = PBXFileReference; lastKnownFileType = sourcecode.c.objc; path = main.m; sourceTree = "<group>"; };
		307DE7E52009FD1E00DF585B /* player.atlas */ = {isa = PBXFileReference; lastKnownFileType = folder.skatlas; path = player.atlas; sourceTree = "<group>"; };
		307DE7F3200B550300DF585B /* Assets.xcassets */ = {isa = PBXFileReference; lastKnownFileType = folder.assetcatalog; path = Assets.xcassets; sourceTree = "<group>"; };
/* End PBXFileReference section */

/* Begin PBXFrameworksBuildPhase section */
		304259DB1FEF707100D260A4 /* Frameworks */ = {
			isa = PBXFrameworksBuildPhase;
			buildActionMask = 2147483647;
			files = (
			);
			runOnlyForDeploymentPostprocessing = 0;
		};
/* End PBXFrameworksBuildPhase section */

/* Begin PBXGroup section */
		304259D51FEF707100D260A4 = {
			isa = PBXGroup;
			children = (
				304259E01FEF707100D260A4 /* SKGame */,
				304259DF1FEF707100D260A4 /* Products */,
			);
			sourceTree = "<group>";
		};
		304259DF1FEF707100D260A4 /* Products */ = {
			isa = PBXGroup;
			children = (
				304259DE1FEF707100D260A4 /* SKGame.app */,
			);
			name = Products;
			sourceTree = "<group>";
		};
		304259E01FEF707100D260A4 /* SKGame */ = {
			isa = PBXGroup;
			children = (
				307DE7F3200B550300DF585B /* Assets.xcassets */,
				304259E11FEF707100D260A4 /* AppDelegate.h */,
				304259E21FEF707100D260A4 /* AppDelegate.m */,
				304259E81FEF707100D260A4 /* GameScene.h */,
				304259E91FEF707100D260A4 /* GameScene.m */,
				304259EB1FEF707100D260A4 /* GameViewController.h */,
				304259EC1FEF707100D260A4 /* GameViewController.m */,
				304259EE1FEF707100D260A4 /* Main.storyboard */,
				307DE7E52009FD1E00DF585B /* player.atlas */,
				304259F31FEF707100D260A4 /* LaunchScreen.storyboard */,
				304259F61FEF707100D260A4 /* Info.plist */,
				304259F71FEF707100D260A4 /* main.m */,
			);
			path = SKGame;
			sourceTree = "<group>";
		};
/* End PBXGroup section */

/* Begin PBXNativeTarget section */
		304259DD1FEF707100D260A4 /* SKGame */ = {
			isa = PBXNativeTarget;
			buildConfigurationList = 304259FB1FEF707100D260A4 /* Build configuration list for PBXNativeTarget "SKGame" */;
			buildPhases = (
				304259DA1FEF707100D260A4 /* Sources */,
				304259DB1FEF707100D260A4 /* Frameworks */,
				304259DC1FEF707100D260A4 /* Resources */,
			);
			buildRules = (
			);
			dependencies = (
			);
			name = SKGame;
			productName = SKGame;
			productReference = 304259DE1FEF707100D260A4 /* SKGame.app */;
			productType = "com.apple.product-type.application";
		};
/* End PBXNativeTarget section */

/* Begin PBXProject section */
		304259D61FEF707100D260A4 /* Project object */ = {
			isa = PBXProject;
			attributes = {
				LastUpgradeCheck = 0920;
				ORGANIZATIONNAME = kkk;
				TargetAttributes = {
					304259DD1FEF707100D260A4 = {
						CreatedOnToolsVersion = 9.2;
						ProvisioningStyle = Automatic;
					};
				};
			};
			buildConfigurationList = 304259D91FEF707100D260A4 /* Build configuration list for PBXProject "SKGame" */;
			compatibilityVersion = "Xcode 8.0";
			developmentRegion = en;
			hasScannedForEncodings = 0;
			knownRegions = (
				en,
				Base,
			);
			mainGroup = 304259D51FEF707100D260A4;
			productRefGroup = 304259DF1FEF707100D260A4 /* Products */;
			projectDirPath = "";
			projectRoot = "";
			targets = (
				304259DD1FEF707100D260A4 /* SKGame */,
			);
		};
/* End PBXProject section */

/* Begin PBXResourcesBuildPhase section */
		304259DC1FEF707100D260A4 /* Resources */ = {
			isa = PBXResourcesBuildPhase;
			buildActionMask = 2147483647;
			files = (
				307DE7E62009FD1E00DF585B /* player.atlas in Resources */,
				304259F01FEF707100D260A4 /* Main.storyboard in Resources */,
				307DE7F4200B550300DF585B /* Assets.xcassets in Resources */,
				304259F51FEF707100D260A4 /* LaunchScreen.storyboard in Resources */,
			);
			runOnlyForDeploymentPostprocessing = 0;
		};
/* End PBXResourcesBuildPhase section */

/* Begin PBXSourcesBuildPhase section */
		304259DA1FEF707100D260A4 /* Sources */ = {
			isa = PBXSourcesBuildPhase;
			buildActionMask = 2147483647;
			files = (
				304259EA1FEF707100D260A4 /* GameScene.m in Sources */,
				304259ED1FEF707100D260A4 /* GameViewController.m in Sources */,
				304259F81FEF707100D260A4 /* main.m in Sources */,
				304259E31FEF707100D260A4 /* AppDelegate.m in Sources */,
			);
			runOnlyForDeploymentPostprocessing = 0;
		};
/* End PBXSourcesBuildPhase section */

/* Begin PBXVariantGroup section */
		304259EE1FEF707100D260A4 /* Main.storyboard */ = {
			isa = PBXVariantGroup;
			children = (
				304259EF1FEF707100D260A4 /* Base */,
			);
			name = Main.storyboard;
			sourceTree = "<group>";
		};
		304259F31FEF707100D260A4 /* LaunchScreen.storyboard */ = {
			isa = PBXVariantGroup;
			children = (
				304259F41FEF707100D260A4 /* Base */,
			);
			name = LaunchScreen.storyboard;
			sourceTree = "<group>";
		};
/* End PBXVariantGroup section */

/* Begin XCBuildConfiguration section */
		304259F91FEF707100D260A4 /* Debug */ = {
			isa = XCBuildConfiguration;
			buildSettings = {
				ALWAYS_SEARCH_USER_PATHS = NO;
				CLANG_ANALYZER_NONNULL = YES;
				CLANG_ANALYZER_NUMBER_OBJECT_CONVERSION = YES_AGGRESSIVE;
				CLANG_CXX_LANGUAGE_STANDARD = "gnu++14";
				CLANG_CXX_LIBRARY = "libc++";
				CLANG_ENABLE_MODULES = YES;
				CLANG_ENABLE_OBJC_ARC = YES;
				CLANG_WARN_BLOCK_CAPTURE_AUTORELEASING = YES;
				CLANG_WARN_BOOL_CONVERSION = YES;
				CLANG_WARN_COMMA = YES;
				CLANG_WARN_CONSTANT_CONVERSION = YES;
				CLANG_WARN_DIRECT_OBJC_ISA_USAGE = YES_ERROR;
				CLANG_WARN_DOCUMENTATION_COMMENTS = YES;
				CLANG_WARN_EMPTY_BODY = YES;
				CLANG_WARN_ENUM_CONVERSION = YES;
				CLANG_WARN_INFINITE_RECURSION = YES;
				CLANG_WARN_INT_CONVERSION = YES;
				CLANG_WARN_NON_LITERAL_NULL_CONVERSION = YES;
				CLANG_WARN_OBJC_LITERAL_CONVERSION = YES;
				CLANG_WARN_OBJC_ROOT_CLASS = YES_ERROR;
				CLANG_WARN_RANGE_LOOP_ANALYSIS = YES;
				CLANG_WARN_STRICT_PROTOTYPES = YES;
				CLANG_WARN_SUSPICIOUS_MOVE = YES;
				CLANG_WARN_UNGUARDED_AVAILABILITY = YES_AGGRESSIVE;
				CLANG_WARN_UNREACHABLE_CODE = YES;
				CLANG_WARN__DUPLICATE_METHOD_MATCH = YES;
				CODE_SIGN_IDENTITY = "iPhone Developer";
				COPY_PHASE_STRIP = NO;
				DEBUG_INFORMATION_FORMAT = dwarf;
				ENABLE_STRICT_OBJC_MSGSEND = YES;
				ENABLE_TESTABILITY = YES;
				GCC_C_LANGUAGE_STANDARD = gnu11;
				GCC_DYNAMIC_NO_PIC = NO;
				GCC_NO_COMMON_BLOCKS = YES;
				GCC_OPTIMIZATION_LEVEL = 0;
				GCC_PREPROCESSOR_DEFINITIONS = (
					"DEBUG=1",
					"$(inherited)",
				);
				GCC_WARN_64_TO_32_BIT_CONVERSION = YES;
				GCC_WARN_ABOUT_RETURN_TYPE = YES_ERROR;
				GCC_WARN_UNDECLARED_SELECTOR = YES;
				GCC_WARN_UNINITIALIZED_AUTOS = YES_AGGRESSIVE;
				GCC_WARN_UNUSED_FUNCTION = YES;
				GCC_WARN_UNUSED_VARIABLE = YES;
				IPHONEOS_DEPLOYMENT_TARGET = 11.2;
				MTL_ENABLE_DEBUG_INFO = YES;
				ONLY_ACTIVE_ARCH = YES;
				SDKROOT = iphoneos;
			};
			name = Debug;
		};
		304259FA1FEF707100D260A4 /* Release */ = {
			isa = XCBuildConfiguration;
			buildSettings = {
				ALWAYS_SEARCH_USER_PATHS = NO;
				CLANG_ANALYZER_NONNULL = YES;
				CLANG_ANALYZER_NUMBER_OBJECT_CONVERSION = YES_AGGRESSIVE;
				CLANG_CXX_LANGUAGE_STANDARD = "gnu++14";
				CLANG_CXX_LIBRARY = "libc++";
				CLANG_ENABLE_MODULES = YES;
				CLANG_ENABLE_OBJC_ARC = YES;
				CLANG_WARN_BLOCK_CAPTURE_AUTORELEASING = YES;
				CLANG_WARN_BOOL_CONVERSION = YES;
				CLANG_WARN_COMMA = YES;
				CLANG_WARN_CONSTANT_CONVERSION = YES;
				CLANG_WARN_DIRECT_OBJC_ISA_USAGE = YES_ERROR;
				CLANG_WARN_DOCUMENTATION_COMMENTS = YES;
				CLANG_WARN_EMPTY_BODY = YES;
				CLANG_WARN_ENUM_CONVERSION = YES;
				CLANG_WARN_INFINITE_RECURSION = YES;
				CLANG_WARN_INT_CONVERSION = YES;
				CLANG_WARN_NON_LITERAL_NULL_CONVERSION = YES;
				CLANG_WARN_OBJC_LITERAL_CONVERSION = YES;
				CLANG_WARN_OBJC_ROOT_CLASS = YES_ERROR;
				CLANG_WARN_RANGE_LOOP_ANALYSIS = YES;
				CLANG_WARN_STRICT_PROTOTYPES = YES;
				CLANG_WARN_SUSPICIOUS_MOVE = YES;
				CLANG_WARN_UNGUARDED_AVAILABILITY = YES_AGGRESSIVE;
				CLANG_WARN_UNREACHABLE_CODE = YES;
				CLANG_WARN__DUPLICATE_METHOD_MATCH = YES;
				CODE_SIGN_IDENTITY = "iPhone Developer";
				COPY_PHASE_STRIP = NO;
				DEBUG_INFORMATION_FORMAT = "dwarf-with-dsym";
				ENABLE_NS_ASSERTIONS = NO;
				ENABLE_STRICT_OBJC_MSGSEND = YES;
				GCC_C_LANGUAGE_STANDARD = gnu11;
				GCC_NO_COMMON_BLOCKS = YES;
				GCC_WARN_64_TO_32_BIT_CONVERSION = YES;
				GCC_WARN_ABOUT_RETURN_TYPE = YES_ERROR;
				GCC_WARN_UNDECLARED_SELECTOR = YES;
				GCC_WARN_UNINITIALIZED_AUTOS = YES_AGGRESSIVE;
				GCC_WARN_UNUSED_FUNCTION = YES;
				GCC_WARN_UNUSED_VARIABLE = YES;
				IPHONEOS_DEPLOYMENT_TARGET = 11.2;
				MTL_ENABLE_DEBUG_INFO = NO;
				SDKROOT = iphoneos;
				VALIDATE_PRODUCT = YES;
			};
			name = Release;
		};
		304259FC1FEF707100D260A4 /* Debug */ = {
			isa = XCBuildConfiguration;
			buildSettings = {
				ASSETCATALOG_COMPILER_APPICON_NAME = AppIcon;
				CODE_SIGN_STYLE = Automatic;
				INFOPLIST_FILE = SKGame/Info.plist;
				LD_RUNPATH_SEARCH_PATHS = "$(inherited) @executable_path/Frameworks";
				PRODUCT_BUNDLE_IDENTIFIER = com.kkk.SKGame;
				PRODUCT_NAME = "$(TARGET_NAME)";
				TARGETED_DEVICE_FAMILY = "1,2";
			};
			name = Debug;
		};
		304259FD1FEF707100D260A4 /* Release */ = {
			isa = XCBuildConfiguration;
			buildSettings = {
				ASSETCATALOG_COMPILER_APPICON_NAME = AppIcon;
				CODE_SIGN_STYLE = Automatic;
				INFOPLIST_FILE = SKGame/Info.plist;
				LD_RUNPATH_SEARCH_PATHS = "$(inherited) @executable_path/Frameworks";
				PRODUCT_BUNDLE_IDENTIFIER = com.kkk.SKGame;
				PRODUCT_NAME = "$(TARGET_NAME)";
				TARGETED_DEVICE_FAMILY = "1,2";
			};
			name = Release;
		};
/* End XCBuildConfiguration section */

/* Begin XCConfigurationList section */
		304259D91FEF707100D260A4 /* Build configuration list for PBXProject "SKGame" */ = {
			isa = XCConfigurationList;
			buildConfigurations = (
				304259F91FEF707100D260A4 /* Debug */,
				304259FA1FEF707100D260A4 /* Release */,
			);
			defaultConfigurationIsVisible = 0;
			defaultConfigurationName = Release;
		};
		304259FB1FEF707100D260A4 /* Build configuration list for PBXNativeTarget "SKGame" */ = {
			isa = XCConfigurationList;
			buildConfigurations = (
				304259FC1FEF707100D260A4 /* Debug */,
				304259FD1FEF707100D260A4 /* Release */,
			);
			defaultConfigurationIsVisible = 0;
			defaultConfigurationName = Release;
		};
/* End XCConfigurationList section */
	};
	rootObject = 304259D61FEF707100D260A4 /* Project object */;
}
