// !$*UTF8*$!
{
	archiveVersion = 1;
	classes = {
	};
	objectVersion = 48;
	objects = {

/* Begin PBXBuildFile section */
		00346B401FC078B4001EFA06 /* AppDelegate.m in Sources */ = {isa = PBXBuildFile; fileRef = 00346B3F1FC078B4001EFA06 /* AppDelegate.m */; };
		00346B431FC078B4001EFA06 /* ViewController.m in Sources */ = {isa = PBXBuildFile; fileRef = 00346B421FC078B4001EFA06 /* ViewController.m */; };
		00346B461FC078B4001EFA06 /* Main.storyboard in Resources */ = {isa = PBXBuildFile; fileRef = 00346B441FC078B4001EFA06 /* Main.storyboard */; };
		00346B4B1FC078B4001EFA06 /* Assets.xcassets in Resources */ = {isa = PBXBuildFile; fileRef = 00346B4A1FC078B4001EFA06 /* Assets.xcassets */; };
		00346B4E1FC078B4001EFA06 /* LaunchScreen.storyboard in Resources */ = {isa = PBXBuildFile; fileRef = 00346B4C1FC078B4001EFA06 /* LaunchScreen.storyboard */; };
		00346B511FC078B4001EFA06 /* main.m in Sources */ = {isa = PBXBuildFile; fileRef = 00346B501FC078B4001EFA06 /* main.m */; };
		00346B5B1FC078B4001EFA06 /* task_listTests.m in Sources */ = {isa = PBXBuildFile; fileRef = 00346B5A1FC078B4001EFA06 /* task_listTests.m */; };
		00346B661FC078B4001EFA06 /* task_listUITests.m in Sources */ = {isa = PBXBuildFile; fileRef = 00346B651FC078B4001EFA06 /* task_listUITests.m */; };
		00AF58421FC0A785009AF418 /* TaskList.xcdatamodeld in Sources */ = {isa = PBXBuildFile; fileRef = 00AF58401FC0A785009AF418 /* TaskList.xcdatamodeld */; };
/* End PBXBuildFile section */

/* Begin PBXContainerItemProxy section */
		00346B571FC078B4001EFA06 /* PBXContainerItemProxy */ = {
			isa = PBXContainerItemProxy;
			containerPortal = 00346B331FC078B4001EFA06 /* Project object */;
			proxyType = 1;
			remoteGlobalIDString = 00346B3A1FC078B4001EFA06;
			remoteInfo = "task-list";
		};
		00346B621FC078B4001EFA06 /* PBXContainerItemProxy */ = {
			isa = PBXContainerItemProxy;
			containerPortal = 00346B331FC078B4001EFA06 /* Project object */;
			proxyType = 1;
			remoteGlobalIDString = 00346B3A1FC078B4001EFA06;
			remoteInfo = "task-list";
		};
/* End PBXContainerItemProxy section */

/* Begin PBXFileReference section */
		00346B3B1FC078B4001EFA06 /* task-list.app */ = {isa = PBXFileReference; explicitFileType = wrapper.application; includeInIndex = 0; path = "task-list.app"; sourceTree = BUILT_PRODUCTS_DIR; };
		00346B3E1FC078B4001EFA06 /* AppDelegate.h */ = {isa = PBXFileReference; lastKnownFileType = sourcecode.c.h; path = AppDelegate.h; sourceTree = "<group>"; };
		00346B3F1FC078B4001EFA06 /* AppDelegate.m */ = {isa = PBXFileReference; lastKnownFileType = sourcecode.c.objc; path = AppDelegate.m; sourceTree = "<group>"; };
		00346B411FC078B4001EFA06 /* ViewController.h */ = {isa = PBXFileReference; lastKnownFileType = sourcecode.c.h; path = ViewController.h; sourceTree = "<group>"; };
		00346B421FC078B4001EFA06 /* ViewController.m */ = {isa = PBXFileReference; lastKnownFileType = sourcecode.c.objc; path = ViewController.m; sourceTree = "<group>"; };
		00346B451FC078B4001EFA06 /* Base */ = {isa = PBXFileReference; lastKnownFileType = file.storyboard; name = Base; path = Base.lproj/Main.storyboard; sourceTree = "<group>"; };
		00346B4A1FC078B4001EFA06 /* Assets.xcassets */ = {isa = PBXFileReference; lastKnownFileType = folder.assetcatalog; path = Assets.xcassets; sourceTree = "<group>"; };
		00346B4D1FC078B4001EFA06 /* Base */ = {isa = PBXFileReference; lastKnownFileType = file.storyboard; name = Base; path = Base.lproj/LaunchScreen.storyboard; sourceTree = "<group>"; };
		00346B4F1FC078B4001EFA06 /* Info.plist */ = {isa = PBXFileReference; lastKnownFileType = text.plist.xml; path = Info.plist; sourceTree = "<group>"; };
		00346B501FC078B4001EFA06 /* main.m */ = {isa = PBXFileReference; lastKnownFileType = sourcecode.c.objc; path = main.m; sourceTree = "<group>"; };
		00346B561FC078B4001EFA06 /* task-listTests.xctest */ = {isa = PBXFileReference; explicitFileType = wrapper.cfbundle; includeInIndex = 0; path = "task-listTests.xctest"; sourceTree = BUILT_PRODUCTS_DIR; };
		00346B5A1FC078B4001EFA06 /* task_listTests.m */ = {isa = PBXFileReference; lastKnownFileType = sourcecode.c.objc; path = task_listTests.m; sourceTree = "<group>"; };
		00346B5C1FC078B4001EFA06 /* Info.plist */ = {isa = PBXFileReference; lastKnownFileType = text.plist.xml; path = Info.plist; sourceTree = "<group>"; };
		00346B611FC078B4001EFA06 /* task-listUITests.xctest */ = {isa = PBXFileReference; explicitFileType = wrapper.cfbundle; includeInIndex = 0; path = "task-listUITests.xctest"; sourceTree = BUILT_PRODUCTS_DIR; };
		00346B651FC078B4001EFA06 /* task_listUITests.m */ = {isa = PBXFileReference; lastKnownFileType = sourcecode.c.objc; path = task_listUITests.m; sourceTree = "<group>"; };
		00346B671FC078B4001EFA06 /* Info.plist */ = {isa = PBXFileReference; lastKnownFileType = text.plist.xml; path = Info.plist; sourceTree = "<group>"; };
		00AF58411FC0A785009AF418 /* TaskList.xcdatamodel */ = {isa = PBXFileReference; lastKnownFileType = wrapper.xcdatamodel; path = TaskList.xcdatamodel; sourceTree = "<group>"; };
/* End PBXFileReference section */

/* Begin PBXFrameworksBuildPhase section */
		00346B381FC078B4001EFA06 /* Frameworks */ = {
			isa = PBXFrameworksBuildPhase;
			buildActionMask = 2147483647;
			files = (
			);
			runOnlyForDeploymentPostprocessing = 0;
		};
		00346B531FC078B4001EFA06 /* Frameworks */ = {
			isa = PBXFrameworksBuildPhase;
			buildActionMask = 2147483647;
			files = (
			);
			runOnlyForDeploymentPostprocessing = 0;
		};
		00346B5E1FC078B4001EFA06 /* Frameworks */ = {
			isa = PBXFrameworksBuildPhase;
			buildActionMask = 2147483647;
			files = (
			);
			runOnlyForDeploymentPostprocessing = 0;
		};
/* End PBXFrameworksBuildPhase section */

/* Begin PBXGroup section */
		00346B321FC078B4001EFA06 = {
			isa = PBXGroup;
			children = (
				00346B3D1FC078B4001EFA06 /* task-list */,
				00346B591FC078B4001EFA06 /* task-listTests */,
				00346B641FC078B4001EFA06 /* task-listUITests */,
				00346B3C1FC078B4001EFA06 /* Products */,
			);
			sourceTree = "<group>";
		};
		00346B3C1FC078B4001EFA06 /* Products */ = {
			isa = PBXGroup;
			children = (
				00346B3B1FC078B4001EFA06 /* task-list.app */,
				00346B561FC078B4001EFA06 /* task-listTests.xctest */,
				00346B611FC078B4001EFA06 /* task-listUITests.xctest */,
			);
			name = Products;
			sourceTree = "<group>";
		};
		00346B3D1FC078B4001EFA06 /* task-list */ = {
			isa = PBXGroup;
			children = (
				00346B3E1FC078B4001EFA06 /* AppDelegate.h */,
				00346B3F1FC078B4001EFA06 /* AppDelegate.m */,
				00346B411FC078B4001EFA06 /* ViewController.h */,
				00346B421FC078B4001EFA06 /* ViewController.m */,
				00346B441FC078B4001EFA06 /* Main.storyboard */,
				00346B4A1FC078B4001EFA06 /* Assets.xcassets */,
				00346B4C1FC078B4001EFA06 /* LaunchScreen.storyboard */,
				00AF58401FC0A785009AF418 /* TaskList.xcdatamodeld */,
				00346B4F1FC078B4001EFA06 /* Info.plist */,
				00346B501FC078B4001EFA06 /* main.m */,
			);
			path = "task-list";
			sourceTree = "<group>";
		};
		00346B591FC078B4001EFA06 /* task-listTests */ = {
			isa = PBXGroup;
			children = (
				00346B5A1FC078B4001EFA06 /* task_listTests.m */,
				00346B5C1FC078B4001EFA06 /* Info.plist */,
			);
			path = "task-listTests";
			sourceTree = "<group>";
		};
		00346B641FC078B4001EFA06 /* task-listUITests */ = {
			isa = PBXGroup;
			children = (
				00346B651FC078B4001EFA06 /* task_listUITests.m */,
				00346B671FC078B4001EFA06 /* Info.plist */,
			);
			path = "task-listUITests";
			sourceTree = "<group>";
		};
/* End PBXGroup section */

/* Begin PBXNativeTarget section */
		00346B3A1FC078B4001EFA06 /* task-list */ = {
			isa = PBXNativeTarget;
			buildConfigurationList = 00346B6A1FC078B4001EFA06 /* Build configuration list for PBXNativeTarget "task-list" */;
			buildPhases = (
				00346B371FC078B4001EFA06 /* Sources */,
				00346B381FC078B4001EFA06 /* Frameworks */,
				00346B391FC078B4001EFA06 /* Resources */,
			);
			buildRules = (
			);
			dependencies = (
			);
			name = "task-list";
			productName = "task-list";
			productReference = 00346B3B1FC078B4001EFA06 /* task-list.app */;
			productType = "com.apple.product-type.application";
		};
		00346B551FC078B4001EFA06 /* task-listTests */ = {
			isa = PBXNativeTarget;
			buildConfigurationList = 00346B6D1FC078B4001EFA06 /* Build configuration list for PBXNativeTarget "task-listTests" */;
			buildPhases = (
				00346B521FC078B4001EFA06 /* Sources */,
				00346B531FC078B4001EFA06 /* Frameworks */,
				00346B541FC078B4001EFA06 /* Resources */,
			);
			buildRules = (
			);
			dependencies = (
				00346B581FC078B4001EFA06 /* PBXTargetDependency */,
			);
			name = "task-listTests";
			productName = "task-listTests";
			productReference = 00346B561FC078B4001EFA06 /* task-listTests.xctest */;
			productType = "com.apple.product-type.bundle.unit-test";
		};
		00346B601FC078B4001EFA06 /* task-listUITests */ = {
			isa = PBXNativeTarget;
			buildConfigurationList = 00346B701FC078B4001EFA06 /* Build configuration list for PBXNativeTarget "task-listUITests" */;
			buildPhases = (
				00346B5D1FC078B4001EFA06 /* Sources */,
				00346B5E1FC078B4001EFA06 /* Frameworks */,
				00346B5F1FC078B4001EFA06 /* Resources */,
			);
			buildRules = (
			);
			dependencies = (
				00346B631FC078B4001EFA06 /* PBXTargetDependency */,
			);
			name = "task-listUITests";
			productName = "task-listUITests";
			productReference = 00346B611FC078B4001EFA06 /* task-listUITests.xctest */;
			productType = "com.apple.product-type.bundle.ui-testing";
		};
/* End PBXNativeTarget section */

/* Begin PBXProject section */
		00346B331FC078B4001EFA06 /* Project object */ = {
			isa = PBXProject;
			attributes = {
				LastUpgradeCheck = 0900;
				ORGANIZATIONNAME = wangjiabin;
				TargetAttributes = {
					00346B3A1FC078B4001EFA06 = {
						CreatedOnToolsVersion = 9.0;
						ProvisioningStyle = Automatic;
					};
					00346B551FC078B4001EFA06 = {
						CreatedOnToolsVersion = 9.0;
						ProvisioningStyle = Automatic;
						TestTargetID = 00346B3A1FC078B4001EFA06;
					};
					00346B601FC078B4001EFA06 = {
						CreatedOnToolsVersion = 9.0;
						ProvisioningStyle = Automatic;
						TestTargetID = 00346B3A1FC078B4001EFA06;
					};
				};
			};
			buildConfigurationList = 00346B361FC078B4001EFA06 /* Build configuration list for PBXProject "task-list" */;
			compatibilityVersion = "Xcode 8.0";
			developmentRegion = en;
			hasScannedForEncodings = 0;
			knownRegions = (
				en,
				Base,
			);
			mainGroup = 00346B321FC078B4001EFA06;
			productRefGroup = 00346B3C1FC078B4001EFA06 /* Products */;
			projectDirPath = "";
			projectRoot = "";
			targets = (
				00346B3A1FC078B4001EFA06 /* task-list */,
				00346B551FC078B4001EFA06 /* task-listTests */,
				00346B601FC078B4001EFA06 /* task-listUITests */,
			);
		};
/* End PBXProject section */

/* Begin PBXResourcesBuildPhase section */
		00346B391FC078B4001EFA06 /* Resources */ = {
			isa = PBXResourcesBuildPhase;
			buildActionMask = 2147483647;
			files = (
				00346B4E1FC078B4001EFA06 /* LaunchScreen.storyboard in Resources */,
				00346B4B1FC078B4001EFA06 /* Assets.xcassets in Resources */,
				00346B461FC078B4001EFA06 /* Main.storyboard in Resources */,
			);
			runOnlyForDeploymentPostprocessing = 0;
		};
		00346B541FC078B4001EFA06 /* Resources */ = {
			isa = PBXResourcesBuildPhase;
			buildActionMask = 2147483647;
			files = (
			);
			runOnlyForDeploymentPostprocessing = 0;
		};
		00346B5F1FC078B4001EFA06 /* Resources */ = {
			isa = PBXResourcesBuildPhase;
			buildActionMask = 2147483647;
			files = (
			);
			runOnlyForDeploymentPostprocessing = 0;
		};
/* End PBXResourcesBuildPhase section */

/* Begin PBXSourcesBuildPhase section */
		00346B371FC078B4001EFA06 /* Sources */ = {
			isa = PBXSourcesBuildPhase;
			buildActionMask = 2147483647;
			files = (
				00AF58421FC0A785009AF418 /* TaskList.xcdatamodeld in Sources */,
				00346B431FC078B4001EFA06 /* ViewController.m in Sources */,
				00346B401FC078B4001EFA06 /* AppDelegate.m in Sources */,
				00346B511FC078B4001EFA06 /* main.m in Sources */,
			);
			runOnlyForDeploymentPostprocessing = 0;
		};
		00346B521FC078B4001EFA06 /* Sources */ = {
			isa = PBXSourcesBuildPhase;
			buildActionMask = 2147483647;
			files = (
				00346B5B1FC078B4001EFA06 /* task_listTests.m in Sources */,
			);
			runOnlyForDeploymentPostprocessing = 0;
		};
		00346B5D1FC078B4001EFA06 /* Sources */ = {
			isa = PBXSourcesBuildPhase;
			buildActionMask = 2147483647;
			files = (
				00346B661FC078B4001EFA06 /* task_listUITests.m in Sources */,
			);
			runOnlyForDeploymentPostprocessing = 0;
		};
/* End PBXSourcesBuildPhase section */

/* Begin PBXTargetDependency section */
		00346B581FC078B4001EFA06 /* PBXTargetDependency */ = {
			isa = PBXTargetDependency;
			target = 00346B3A1FC078B4001EFA06 /* task-list */;
			targetProxy = 00346B571FC078B4001EFA06 /* PBXContainerItemProxy */;
		};
		00346B631FC078B4001EFA06 /* PBXTargetDependency */ = {
			isa = PBXTargetDependency;
			target = 00346B3A1FC078B4001EFA06 /* task-list */;
			targetProxy = 00346B621FC078B4001EFA06 /* PBXContainerItemProxy */;
		};
/* End PBXTargetDependency section */

/* Begin PBXVariantGroup section */
		00346B441FC078B4001EFA06 /* Main.storyboard */ = {
			isa = PBXVariantGroup;
			children = (
				00346B451FC078B4001EFA06 /* Base */,
			);
			name = Main.storyboard;
			sourceTree = "<group>";
		};
		00346B4C1FC078B4001EFA06 /* LaunchScreen.storyboard */ = {
			isa = PBXVariantGroup;
			children = (
				00346B4D1FC078B4001EFA06 /* Base */,
			);
			name = LaunchScreen.storyboard;
			sourceTree = "<group>";
		};
/* End PBXVariantGroup section */

/* Begin XCBuildConfiguration section */
		00346B681FC078B4001EFA06 /* Debug */ = {
			isa = XCBuildConfiguration;
			buildSettings = {
				ALWAYS_SEARCH_USER_PATHS = NO;
				CLANG_ANALYZER_NONNULL = YES;
				CLANG_ANALYZER_NUMBER_OBJECT_CONVERSION = YES_AGGRESSIVE;
				CLANG_CXX_LANGUAGE_STANDARD = "gnu++14";
				CLANG_CXX_LIBRARY = "libc++";
				CLANG_ENABLE_MODULES = YES;
				CLANG_ENABLE_OBJC_ARC = YES;
				CLANG_WARN_BLOCK_CAPTURE_AUTORELEASING = YES;
				CLANG_WARN_BOOL_CONVERSION = YES;
				CLANG_WARN_COMMA = YES;
				CLANG_WARN_CONSTANT_CONVERSION = YES;
				CLANG_WARN_DIRECT_OBJC_ISA_USAGE = YES_ERROR;
				CLANG_WARN_DOCUMENTATION_COMMENTS = YES;
				CLANG_WARN_EMPTY_BODY = YES;
				CLANG_WARN_ENUM_CONVERSION = YES;
				CLANG_WARN_INFINITE_RECURSION = YES;
				CLANG_WARN_INT_CONVERSION = YES;
				CLANG_WARN_NON_LITERAL_NULL_CONVERSION = YES;
				CLANG_WARN_OBJC_LITERAL_CONVERSION = YES;
				CLANG_WARN_OBJC_ROOT_CLASS = YES_ERROR;
				CLANG_WARN_RANGE_LOOP_ANALYSIS = YES;
				CLANG_WARN_STRICT_PROTOTYPES = YES;
				CLANG_WARN_SUSPICIOUS_MOVE = YES;
				CLANG_WARN_UNGUARDED_AVAILABILITY = YES_AGGRESSIVE;
				CLANG_WARN_UNREACHABLE_CODE = YES;
				CLANG_WARN__DUPLICATE_METHOD_MATCH = YES;
				CODE_SIGN_IDENTITY = "iPhone Developer";
				COPY_PHASE_STRIP = NO;
				DEBUG_INFORMATION_FORMAT = dwarf;
				ENABLE_STRICT_OBJC_MSGSEND = YES;
				ENABLE_TESTABILITY = YES;
				GCC_C_LANGUAGE_STANDARD = gnu11;
				GCC_DYNAMIC_NO_PIC = NO;
				GCC_NO_COMMON_BLOCKS = YES;
				GCC_OPTIMIZATION_LEVEL = 0;
				GCC_PREPROCESSOR_DEFINITIONS = (
					"DEBUG=1",
					"$(inherited)",
				);
				GCC_WARN_64_TO_32_BIT_CONVERSION = YES;
				GCC_WARN_ABOUT_RETURN_TYPE = YES_ERROR;
				GCC_WARN_UNDECLARED_SELECTOR = YES;
				GCC_WARN_UNINITIALIZED_AUTOS = YES_AGGRESSIVE;
				GCC_WARN_UNUSED_FUNCTION = YES;
				GCC_WARN_UNUSED_VARIABLE = YES;
				IPHONEOS_DEPLOYMENT_TARGET = 11.0;
				MTL_ENABLE_DEBUG_INFO = YES;
				ONLY_ACTIVE_ARCH = YES;
				SDKROOT = iphoneos;
			};
			name = Debug;
		};
		00346B691FC078B4001EFA06 /* Release */ = {
			isa = XCBuildConfiguration;
			buildSettings = {
				ALWAYS_SEARCH_USER_PATHS = NO;
				CLANG_ANALYZER_NONNULL = YES;
				CLANG_ANALYZER_NUMBER_OBJECT_CONVERSION = YES_AGGRESSIVE;
				CLANG_CXX_LANGUAGE_STANDARD = "gnu++14";
				CLANG_CXX_LIBRARY = "libc++";
				CLANG_ENABLE_MODULES = YES;
				CLANG_ENABLE_OBJC_ARC = YES;
				CLANG_WARN_BLOCK_CAPTURE_AUTORELEASING = YES;
				CLANG_WARN_BOOL_CONVERSION = YES;
				CLANG_WARN_COMMA = YES;
				CLANG_WARN_CONSTANT_CONVERSION = YES;
				CLANG_WARN_DIRECT_OBJC_ISA_USAGE = YES_ERROR;
				CLANG_WARN_DOCUMENTATION_COMMENTS = YES;
				CLANG_WARN_EMPTY_BODY = YES;
				CLANG_WARN_ENUM_CONVERSION = YES;
				CLANG_WARN_INFINITE_RECURSION = YES;
				CLANG_WARN_INT_CONVERSION = YES;
				CLANG_WARN_NON_LITERAL_NULL_CONVERSION = YES;
				CLANG_WARN_OBJC_LITERAL_CONVERSION = YES;
				CLANG_WARN_OBJC_ROOT_CLASS = YES_ERROR;
				CLANG_WARN_RANGE_LOOP_ANALYSIS = YES;
				CLANG_WARN_STRICT_PROTOTYPES = YES;
				CLANG_WARN_SUSPICIOUS_MOVE = YES;
				CLANG_WARN_UNGUARDED_AVAILABILITY = YES_AGGRESSIVE;
				CLANG_WARN_UNREACHABLE_CODE = YES;
				CLANG_WARN__DUPLICATE_METHOD_MATCH = YES;
				CODE_SIGN_IDENTITY = "iPhone Developer";
				COPY_PHASE_STRIP = NO;
				DEBUG_INFORMATION_FORMAT = "dwarf-with-dsym";
				ENABLE_NS_ASSERTIONS = NO;
				ENABLE_STRICT_OBJC_MSGSEND = YES;
				GCC_C_LANGUAGE_STANDARD = gnu11;
				GCC_NO_COMMON_BLOCKS = YES;
				GCC_WARN_64_TO_32_BIT_CONVERSION = YES;
				GCC_WARN_ABOUT_RETURN_TYPE = YES_ERROR;
				GCC_WARN_UNDECLARED_SELECTOR = YES;
				GCC_WARN_UNINITIALIZED_AUTOS = YES_AGGRESSIVE;
				GCC_WARN_UNUSED_FUNCTION = YES;
				GCC_WARN_UNUSED_VARIABLE = YES;
				IPHONEOS_DEPLOYMENT_TARGET = 11.0;
				MTL_ENABLE_DEBUG_INFO = NO;
				SDKROOT = iphoneos;
				VALIDATE_PRODUCT = YES;
			};
			name = Release;
		};
		00346B6B1FC078B4001EFA06 /* Debug */ = {
			isa = XCBuildConfiguration;
			buildSettings = {
				ASSETCATALOG_COMPILER_APPICON_NAME = AppIcon;
				CODE_SIGN_STYLE = Automatic;
				DEVELOPMENT_TEAM = C3B4W2S36X;
				INFOPLIST_FILE = "task-list/Info.plist";
				LD_RUNPATH_SEARCH_PATHS = "$(inherited) @executable_path/Frameworks";
				PRODUCT_BUNDLE_IDENTIFIER = "arcmend.com.task-list";
				PRODUCT_NAME = "$(TARGET_NAME)";
				TARGETED_DEVICE_FAMILY = "1,2";
			};
			name = Debug;
		};
		00346B6C1FC078B4001EFA06 /* Release */ = {
			isa = XCBuildConfiguration;
			buildSettings = {
				ASSETCATALOG_COMPILER_APPICON_NAME = AppIcon;
				CODE_SIGN_STYLE = Automatic;
				DEVELOPMENT_TEAM = C3B4W2S36X;
				INFOPLIST_FILE = "task-list/Info.plist";
				LD_RUNPATH_SEARCH_PATHS = "$(inherited) @executable_path/Frameworks";
				PRODUCT_BUNDLE_IDENTIFIER = "arcmend.com.task-list";
				PRODUCT_NAME = "$(TARGET_NAME)";
				TARGETED_DEVICE_FAMILY = "1,2";
			};
			name = Release;
		};
		00346B6E1FC078B4001EFA06 /* Debug */ = {
			isa = XCBuildConfiguration;
			buildSettings = {
				BUNDLE_LOADER = "$(TEST_HOST)";
				CODE_SIGN_STYLE = Automatic;
				DEVELOPMENT_TEAM = C3B4W2S36X;
				INFOPLIST_FILE = "task-listTests/Info.plist";
				LD_RUNPATH_SEARCH_PATHS = "$(inherited) @executable_path/Frameworks @loader_path/Frameworks";
				PRODUCT_BUNDLE_IDENTIFIER = "arcmend.com.task-listTests";
				PRODUCT_NAME = "$(TARGET_NAME)";
				TARGETED_DEVICE_FAMILY = "1,2";
				TEST_HOST = "$(BUILT_PRODUCTS_DIR)/task-list.app/task-list";
			};
			name = Debug;
		};
		00346B6F1FC078B4001EFA06 /* Release */ = {
			isa = XCBuildConfiguration;
			buildSettings = {
				BUNDLE_LOADER = "$(TEST_HOST)";
				CODE_SIGN_STYLE = Automatic;
				DEVELOPMENT_TEAM = C3B4W2S36X;
				INFOPLIST_FILE = "task-listTests/Info.plist";
				LD_RUNPATH_SEARCH_PATHS = "$(inherited) @executable_path/Frameworks @loader_path/Frameworks";
				PRODUCT_BUNDLE_IDENTIFIER = "arcmend.com.task-listTests";
				PRODUCT_NAME = "$(TARGET_NAME)";
				TARGETED_DEVICE_FAMILY = "1,2";
				TEST_HOST = "$(BUILT_PRODUCTS_DIR)/task-list.app/task-list";
			};
			name = Release;
		};
		00346B711FC078B4001EFA06 /* Debug */ = {
			isa = XCBuildConfiguration;
			buildSettings = {
				CODE_SIGN_STYLE = Automatic;
				DEVELOPMENT_TEAM = C3B4W2S36X;
				INFOPLIST_FILE = "task-listUITests/Info.plist";
				LD_RUNPATH_SEARCH_PATHS = "$(inherited) @executable_path/Frameworks @loader_path/Frameworks";
				PRODUCT_BUNDLE_IDENTIFIER = "arcmend.com.task-listUITests";
				PRODUCT_NAME = "$(TARGET_NAME)";
				TARGETED_DEVICE_FAMILY = "1,2";
				TEST_TARGET_NAME = "task-list";
			};
			name = Debug;
		};
		00346B721FC078B4001EFA06 /* Release */ = {
			isa = XCBuildConfiguration;
			buildSettings = {
				CODE_SIGN_STYLE = Automatic;
				DEVELOPMENT_TEAM = C3B4W2S36X;
				INFOPLIST_FILE = "task-listUITests/Info.plist";
				LD_RUNPATH_SEARCH_PATHS = "$(inherited) @executable_path/Frameworks @loader_path/Frameworks";
				PRODUCT_BUNDLE_IDENTIFIER = "arcmend.com.task-listUITests";
				PRODUCT_NAME = "$(TARGET_NAME)";
				TARGETED_DEVICE_FAMILY = "1,2";
				TEST_TARGET_NAME = "task-list";
			};
			name = Release;
		};
/* End XCBuildConfiguration section */

/* Begin XCConfigurationList section */
		00346B361FC078B4001EFA06 /* Build configuration list for PBXProject "task-list" */ = {
			isa = XCConfigurationList;
			buildConfigurations = (
				00346B681FC078B4001EFA06 /* Debug */,
				00346B691FC078B4001EFA06 /* Release */,
			);
			defaultConfigurationIsVisible = 0;
			defaultConfigurationName = Release;
		};
		00346B6A1FC078B4001EFA06 /* Build configuration list for PBXNativeTarget "task-list" */ = {
			isa = XCConfigurationList;
			buildConfigurations = (
				00346B6B1FC078B4001EFA06 /* Debug */,
				00346B6C1FC078B4001EFA06 /* Release */,
			);
			defaultConfigurationIsVisible = 0;
			defaultConfigurationName = Release;
		};
		00346B6D1FC078B4001EFA06 /* Build configuration list for PBXNativeTarget "task-listTests" */ = {
			isa = XCConfigurationList;
			buildConfigurations = (
				00346B6E1FC078B4001EFA06 /* Debug */,
				00346B6F1FC078B4001EFA06 /* Release */,
			);
			defaultConfigurationIsVisible = 0;
			defaultConfigurationName = Release;
		};
		00346B701FC078B4001EFA06 /* Build configuration list for PBXNativeTarget "task-listUITests" */ = {
			isa = XCConfigurationList;
			buildConfigurations = (
				00346B711FC078B4001EFA06 /* Debug */,
				00346B721FC078B4001EFA06 /* Release */,
			);
			defaultConfigurationIsVisible = 0;
			defaultConfigurationName = Release;
		};
/* End XCConfigurationList section */

/* Begin XCVersionGroup section */
		00AF58401FC0A785009AF418 /* TaskList.xcdatamodeld */ = {
			isa = XCVersionGroup;
			children = (
				00AF58411FC0A785009AF418 /* TaskList.xcdatamodel */,
			);
			currentVersion = 00AF58411FC0A785009AF418 /* TaskList.xcdatamodel */;
			name = TaskList.xcdatamodeld;
			path = "../../../21751098王佳斌/project02/TaskList/TaskList.xcdatamodeld";
			sourceTree = "<group>";
			versionGroupType = wrapper.xcdatamodel;
		};
/* End XCVersionGroup section */
	};
	rootObject = 00346B331FC078B4001EFA06 /* Project object */;
}
